// !$*UTF8*$!
{
	archiveVersion = 1;
	classes = {
	};
	objectVersion = 50;
	objects = {

/* Begin PBXBuildFile section */
		AAAB06910B3437AA00603C95 /* Pods_Reciplease.framework in Frameworks */ = {isa = PBXBuildFile; fileRef = A0F54BF4D86A8BA2AB3F43A3 /* Pods_Reciplease.framework */; };
		EC0DF37D221478AE00F2D788 /* Ingredients.swift in Sources */ = {isa = PBXBuildFile; fileRef = EC0DF37C221478AE00F2D788 /* Ingredients.swift */; };
		EC0DF37F22147E0B00F2D788 /* AppDelegate.swift in Sources */ = {isa = PBXBuildFile; fileRef = ECD9F8B42209DEDE007DE7E2 /* AppDelegate.swift */; };
		EC29628722214FA900A945FA /* DetailRecipeService.swift in Sources */ = {isa = PBXBuildFile; fileRef = EC29628622214FA900A945FA /* DetailRecipeService.swift */; };
		EC33E1902225525600FC7575 /* FavoritesViewController.swift in Sources */ = {isa = PBXBuildFile; fileRef = EC33E18F2225525600FC7575 /* FavoritesViewController.swift */; };
		EC33E194222576BD00FC7575 /* FavoriteTableViewCell.swift in Sources */ = {isa = PBXBuildFile; fileRef = EC33E193222576BD00FC7575 /* FavoriteTableViewCell.swift */; };
		EC3A3862220AFE5E000220C5 /* RecipesTableViewcell.swift in Sources */ = {isa = PBXBuildFile; fileRef = EC3A3861220AFE5E000220C5 /* RecipesTableViewcell.swift */; };
		EC6CB0CB22205F0500F8B135 /* DetailViewController.swift in Sources */ = {isa = PBXBuildFile; fileRef = EC6CB0CA22205F0500F8B135 /* DetailViewController.swift */; };
		EC79C62A2232AB160075DD62 /* Recipe_JSON.swift in Sources */ = {isa = PBXBuildFile; fileRef = EC79C6292232AB160075DD62 /* Recipe_JSON.swift */; };
		EC9A4DD82220256F00352A83 /* Reciplease.xcdatamodeld in Sources */ = {isa = PBXBuildFile; fileRef = EC9A4DD62220256F00352A83 /* Reciplease.xcdatamodeld */; };
		EC9A4DDA2220264500352A83 /* RecipeDetails.swift in Sources */ = {isa = PBXBuildFile; fileRef = EC9A4DD92220264500352A83 /* RecipeDetails.swift */; };
		EC9C87932227EDC700C40452 /* Quicksand-Light.ttf in Resources */ = {isa = PBXBuildFile; fileRef = EC9C878F2227EDC600C40452 /* Quicksand-Light.ttf */; };
		EC9C87942227EDC700C40452 /* Quicksand-Medium.ttf in Resources */ = {isa = PBXBuildFile; fileRef = EC9C87902227EDC600C40452 /* Quicksand-Medium.ttf */; };
		EC9C87952227EDC700C40452 /* Quicksand-Bold.ttf in Resources */ = {isa = PBXBuildFile; fileRef = EC9C87912227EDC600C40452 /* Quicksand-Bold.ttf */; };
		EC9C87962227EDC700C40452 /* Quicksand-Regular.ttf in Resources */ = {isa = PBXBuildFile; fileRef = EC9C87922227EDC600C40452 /* Quicksand-Regular.ttf */; };
		EC9C87C2222939AB00C40452 /* RecipeServiceTestCase.swift in Sources */ = {isa = PBXBuildFile; fileRef = EC9C87C1222939AB00C40452 /* RecipeServiceTestCase.swift */; };
		ECC2FCAA22356322008B59E9 /* Detail_JSON.swift in Sources */ = {isa = PBXBuildFile; fileRef = ECC2FCA922356322008B59E9 /* Detail_JSON.swift */; };
		ECD9F8B72209DEDE007DE7E2 /* SearchViewController.swift in Sources */ = {isa = PBXBuildFile; fileRef = ECD9F8B62209DEDE007DE7E2 /* SearchViewController.swift */; };
		ECD9F8B92209DEDE007DE7E2 /* ResultsViewController.swift in Sources */ = {isa = PBXBuildFile; fileRef = ECD9F8B82209DEDE007DE7E2 /* ResultsViewController.swift */; };
		ECD9F8BC2209DEDE007DE7E2 /* Main.storyboard in Resources */ = {isa = PBXBuildFile; fileRef = ECD9F8BA2209DEDE007DE7E2 /* Main.storyboard */; };
		ECD9F8BE2209DEDF007DE7E2 /* Assets.xcassets in Resources */ = {isa = PBXBuildFile; fileRef = ECD9F8BD2209DEDF007DE7E2 /* Assets.xcassets */; };
		ECD9F8C12209DEDF007DE7E2 /* LaunchScreen.storyboard in Resources */ = {isa = PBXBuildFile; fileRef = ECD9F8BF2209DEDF007DE7E2 /* LaunchScreen.storyboard */; };
		ECD9F8D72209F0A6007DE7E2 /* RecipeService.swift in Sources */ = {isa = PBXBuildFile; fileRef = ECD9F8D62209F0A6007DE7E2 /* RecipeService.swift */; };
/* End PBXBuildFile section */

/* Begin PBXContainerItemProxy section */
		EC9C87BC2229394A00C40452 /* PBXContainerItemProxy */ = {
			isa = PBXContainerItemProxy;
			containerPortal = ECD9F8A92209DEDD007DE7E2 /* Project object */;
			proxyType = 1;
			remoteGlobalIDString = ECD9F8B02209DEDD007DE7E2;
			remoteInfo = Reciplease;
		};
/* End PBXContainerItemProxy section */

/* Begin PBXFileReference section */
		4A954C337A4D7B4FE01514C3 /* Pods_RecipleaseTests.framework */ = {isa = PBXFileReference; explicitFileType = wrapper.framework; includeInIndex = 0; path = Pods_RecipleaseTests.framework; sourceTree = BUILT_PRODUCTS_DIR; };
		4B10EF73FE6D84420CF2128D /* Pods-Reciplease.debug.xcconfig */ = {isa = PBXFileReference; includeInIndex = 1; lastKnownFileType = text.xcconfig; name = "Pods-Reciplease.debug.xcconfig"; path = "Target Support Files/Pods-Reciplease/Pods-Reciplease.debug.xcconfig"; sourceTree = "<group>"; };
		629583335E3A508FF42386FC /* Pods-RecipleaseTests.debug.xcconfig */ = {isa = PBXFileReference; includeInIndex = 1; lastKnownFileType = text.xcconfig; name = "Pods-RecipleaseTests.debug.xcconfig"; path = "Target Support Files/Pods-RecipleaseTests/Pods-RecipleaseTests.debug.xcconfig"; sourceTree = "<group>"; };
		8440766F38E247F9924856EB /* Pods-Reciplease.release.xcconfig */ = {isa = PBXFileReference; includeInIndex = 1; lastKnownFileType = text.xcconfig; name = "Pods-Reciplease.release.xcconfig"; path = "Target Support Files/Pods-Reciplease/Pods-Reciplease.release.xcconfig"; sourceTree = "<group>"; };
		A0F54BF4D86A8BA2AB3F43A3 /* Pods_Reciplease.framework */ = {isa = PBXFileReference; explicitFileType = wrapper.framework; includeInIndex = 0; path = Pods_Reciplease.framework; sourceTree = BUILT_PRODUCTS_DIR; };
		D8DCBB2094F735C1AABE86BA /* Pods-RecipleaseTests.release.xcconfig */ = {isa = PBXFileReference; includeInIndex = 1; lastKnownFileType = text.xcconfig; name = "Pods-RecipleaseTests.release.xcconfig"; path = "Target Support Files/Pods-RecipleaseTests/Pods-RecipleaseTests.release.xcconfig"; sourceTree = "<group>"; };
		EC0DF37C221478AE00F2D788 /* Ingredients.swift */ = {isa = PBXFileReference; lastKnownFileType = sourcecode.swift; path = Ingredients.swift; sourceTree = "<group>"; };
		EC29628622214FA900A945FA /* DetailRecipeService.swift */ = {isa = PBXFileReference; lastKnownFileType = sourcecode.swift; path = DetailRecipeService.swift; sourceTree = "<group>"; };
		EC33E18F2225525600FC7575 /* FavoritesViewController.swift */ = {isa = PBXFileReference; lastKnownFileType = sourcecode.swift; path = FavoritesViewController.swift; sourceTree = "<group>"; };
		EC33E193222576BD00FC7575 /* FavoriteTableViewCell.swift */ = {isa = PBXFileReference; lastKnownFileType = sourcecode.swift; path = FavoriteTableViewCell.swift; sourceTree = "<group>"; };
		EC3A3861220AFE5E000220C5 /* RecipesTableViewcell.swift */ = {isa = PBXFileReference; lastKnownFileType = sourcecode.swift; path = RecipesTableViewcell.swift; sourceTree = "<group>"; };
		EC6CB0CA22205F0500F8B135 /* DetailViewController.swift */ = {isa = PBXFileReference; lastKnownFileType = sourcecode.swift; path = DetailViewController.swift; sourceTree = "<group>"; };
		EC79C6292232AB160075DD62 /* Recipe_JSON.swift */ = {isa = PBXFileReference; lastKnownFileType = sourcecode.swift; path = Recipe_JSON.swift; sourceTree = "<group>"; };
		EC9A4DD72220256F00352A83 /* Favorites.xcdatamodel */ = {isa = PBXFileReference; lastKnownFileType = wrapper.xcdatamodel; path = Favorites.xcdatamodel; sourceTree = "<group>"; };
		EC9A4DD92220264500352A83 /* RecipeDetails.swift */ = {isa = PBXFileReference; lastKnownFileType = sourcecode.swift; path = RecipeDetails.swift; sourceTree = "<group>"; };
		EC9C878F2227EDC600C40452 /* Quicksand-Light.ttf */ = {isa = PBXFileReference; lastKnownFileType = file; path = "Quicksand-Light.ttf"; sourceTree = "<group>"; };
		EC9C87902227EDC600C40452 /* Quicksand-Medium.ttf */ = {isa = PBXFileReference; lastKnownFileType = file; path = "Quicksand-Medium.ttf"; sourceTree = "<group>"; };
		EC9C87912227EDC600C40452 /* Quicksand-Bold.ttf */ = {isa = PBXFileReference; lastKnownFileType = file; path = "Quicksand-Bold.ttf"; sourceTree = "<group>"; };
		EC9C87922227EDC600C40452 /* Quicksand-Regular.ttf */ = {isa = PBXFileReference; lastKnownFileType = file; path = "Quicksand-Regular.ttf"; sourceTree = "<group>"; };
		EC9C87B72229394A00C40452 /* RecipleaseTests.xctest */ = {isa = PBXFileReference; explicitFileType = wrapper.cfbundle; includeInIndex = 0; path = RecipleaseTests.xctest; sourceTree = BUILT_PRODUCTS_DIR; };
		EC9C87BB2229394A00C40452 /* Info.plist */ = {isa = PBXFileReference; lastKnownFileType = text.plist.xml; path = Info.plist; sourceTree = "<group>"; };
		EC9C87C1222939AB00C40452 /* RecipeServiceTestCase.swift */ = {isa = PBXFileReference; lastKnownFileType = sourcecode.swift; path = RecipeServiceTestCase.swift; sourceTree = "<group>"; };
		ECC2FCA922356322008B59E9 /* Detail_JSON.swift */ = {isa = PBXFileReference; lastKnownFileType = sourcecode.swift; path = Detail_JSON.swift; sourceTree = "<group>"; };
		ECD9F8B12209DEDE007DE7E2 /* Reciplease.app */ = {isa = PBXFileReference; explicitFileType = wrapper.application; includeInIndex = 0; path = Reciplease.app; sourceTree = BUILT_PRODUCTS_DIR; };
		ECD9F8B42209DEDE007DE7E2 /* AppDelegate.swift */ = {isa = PBXFileReference; lastKnownFileType = sourcecode.swift; path = AppDelegate.swift; sourceTree = "<group>"; };
		ECD9F8B62209DEDE007DE7E2 /* SearchViewController.swift */ = {isa = PBXFileReference; lastKnownFileType = sourcecode.swift; path = SearchViewController.swift; sourceTree = "<group>"; };
		ECD9F8B82209DEDE007DE7E2 /* ResultsViewController.swift */ = {isa = PBXFileReference; lastKnownFileType = sourcecode.swift; path = ResultsViewController.swift; sourceTree = "<group>"; };
		ECD9F8BB2209DEDE007DE7E2 /* Base */ = {isa = PBXFileReference; lastKnownFileType = file.storyboard; name = Base; path = Base.lproj/Main.storyboard; sourceTree = "<group>"; };
		ECD9F8BD2209DEDF007DE7E2 /* Assets.xcassets */ = {isa = PBXFileReference; lastKnownFileType = folder.assetcatalog; path = Assets.xcassets; sourceTree = "<group>"; };
		ECD9F8C02209DEDF007DE7E2 /* Base */ = {isa = PBXFileReference; lastKnownFileType = file.storyboard; name = Base; path = Base.lproj/LaunchScreen.storyboard; sourceTree = "<group>"; };
		ECD9F8C22209DEDF007DE7E2 /* Info.plist */ = {isa = PBXFileReference; lastKnownFileType = text.plist.xml; path = Info.plist; sourceTree = "<group>"; };
		ECD9F8D62209F0A6007DE7E2 /* RecipeService.swift */ = {isa = PBXFileReference; lastKnownFileType = sourcecode.swift; path = RecipeService.swift; sourceTree = "<group>"; };
/* End PBXFileReference section */

/* Begin PBXFrameworksBuildPhase section */
		EC9C87B42229394A00C40452 /* Frameworks */ = {
			isa = PBXFrameworksBuildPhase;
			buildActionMask = 2147483647;
			files = (
			);
			runOnlyForDeploymentPostprocessing = 0;
		};
		ECD9F8AE2209DEDD007DE7E2 /* Frameworks */ = {
			isa = PBXFrameworksBuildPhase;
			buildActionMask = 2147483647;
			files = (
				AAAB06910B3437AA00603C95 /* Pods_Reciplease.framework in Frameworks */,
			);
			runOnlyForDeploymentPostprocessing = 0;
		};
/* End PBXFrameworksBuildPhase section */

/* Begin PBXGroup section */
		0042FB165D5ECA20A3758F6C /* Frameworks */ = {
			isa = PBXGroup;
			children = (
				A0F54BF4D86A8BA2AB3F43A3 /* Pods_Reciplease.framework */,
				4A954C337A4D7B4FE01514C3 /* Pods_RecipleaseTests.framework */,
			);
			name = Frameworks;
			sourceTree = "<group>";
		};
		83CEA8C7D1F35DDCB97D6C81 /* Pods */ = {
			isa = PBXGroup;
			children = (
				4B10EF73FE6D84420CF2128D /* Pods-Reciplease.debug.xcconfig */,
				8440766F38E247F9924856EB /* Pods-Reciplease.release.xcconfig */,
				629583335E3A508FF42386FC /* Pods-RecipleaseTests.debug.xcconfig */,
				D8DCBB2094F735C1AABE86BA /* Pods-RecipleaseTests.release.xcconfig */,
			);
			path = Pods;
			sourceTree = "<group>";
		};
		EC9C87B82229394A00C40452 /* RecipleaseTests */ = {
			isa = PBXGroup;
			children = (
				EC9C87C1222939AB00C40452 /* RecipeServiceTestCase.swift */,
				EC9C87BB2229394A00C40452 /* Info.plist */,
			);
			path = RecipleaseTests;
			sourceTree = "<group>";
		};
		ECD9F8A82209DEDD007DE7E2 = {
			isa = PBXGroup;
			children = (
				ECD9F8B32209DEDE007DE7E2 /* Reciplease */,
				EC9C87B82229394A00C40452 /* RecipleaseTests */,
				ECD9F8B22209DEDE007DE7E2 /* Products */,
				83CEA8C7D1F35DDCB97D6C81 /* Pods */,
				0042FB165D5ECA20A3758F6C /* Frameworks */,
			);
			sourceTree = "<group>";
		};
		ECD9F8B22209DEDE007DE7E2 /* Products */ = {
			isa = PBXGroup;
			children = (
				ECD9F8B12209DEDE007DE7E2 /* Reciplease.app */,
				EC9C87B72229394A00C40452 /* RecipleaseTests.xctest */,
			);
			name = Products;
			sourceTree = "<group>";
		};
		ECD9F8B32209DEDE007DE7E2 /* Reciplease */ = {
			isa = PBXGroup;
			children = (
				ECD9F8DA2209F1C1007DE7E2 /* Model */,
				ECD9F8D92209F1BF007DE7E2 /* View */,
				ECD9F8D82209F1BD007DE7E2 /* Controller */,
				ECD9F8B42209DEDE007DE7E2 /* AppDelegate.swift */,
				ECD9F8BD2209DEDF007DE7E2 /* Assets.xcassets */,
				ECD9F8C22209DEDF007DE7E2 /* Info.plist */,
				EC9C87912227EDC600C40452 /* Quicksand-Bold.ttf */,
				EC9C878F2227EDC600C40452 /* Quicksand-Light.ttf */,
				EC9C87902227EDC600C40452 /* Quicksand-Medium.ttf */,
				EC9C87922227EDC600C40452 /* Quicksand-Regular.ttf */,
			);
			path = Reciplease;
			sourceTree = "<group>";
		};
		ECD9F8D82209F1BD007DE7E2 /* Controller */ = {
			isa = PBXGroup;
			children = (
				ECD9F8B62209DEDE007DE7E2 /* SearchViewController.swift */,
				ECD9F8B82209DEDE007DE7E2 /* ResultsViewController.swift */,
				EC6CB0CA22205F0500F8B135 /* DetailViewController.swift */,
				EC33E18F2225525600FC7575 /* FavoritesViewController.swift */,
			);
			path = Controller;
			sourceTree = "<group>";
		};
		ECD9F8D92209F1BF007DE7E2 /* View */ = {
			isa = PBXGroup;
			children = (
				ECD9F8BA2209DEDE007DE7E2 /* Main.storyboard */,
				EC3A3861220AFE5E000220C5 /* RecipesTableViewcell.swift */,
				EC33E193222576BD00FC7575 /* FavoriteTableViewCell.swift */,
				ECD9F8BF2209DEDF007DE7E2 /* LaunchScreen.storyboard */,
			);
			path = View;
			sourceTree = "<group>";
		};
		ECD9F8DA2209F1C1007DE7E2 /* Model */ = {
			isa = PBXGroup;
			children = (
				ECD9F8D62209F0A6007DE7E2 /* RecipeService.swift */,
				EC9A4DD92220264500352A83 /* RecipeDetails.swift */,
				EC29628622214FA900A945FA /* DetailRecipeService.swift */,
				EC0DF37C221478AE00F2D788 /* Ingredients.swift */,
				EC79C6292232AB160075DD62 /* Recipe_JSON.swift */,
				ECC2FCA922356322008B59E9 /* Detail_JSON.swift */,
				EC9A4DD62220256F00352A83 /* Reciplease.xcdatamodeld */,
			);
			path = Model;
			sourceTree = "<group>";
		};
/* End PBXGroup section */

/* Begin PBXNativeTarget section */
		EC9C87B62229394A00C40452 /* RecipleaseTests */ = {
			isa = PBXNativeTarget;
			buildConfigurationList = EC9C87BE2229394A00C40452 /* Build configuration list for PBXNativeTarget "RecipleaseTests" */;
			buildPhases = (
				EC9C87B32229394A00C40452 /* Sources */,
				EC9C87B42229394A00C40452 /* Frameworks */,
				EC9C87B52229394A00C40452 /* Resources */,
			);
			buildRules = (
			);
			dependencies = (
				EC9C87BD2229394A00C40452 /* PBXTargetDependency */,
			);
			name = RecipleaseTests;
			productName = RecipleaseTests;
			productReference = EC9C87B72229394A00C40452 /* RecipleaseTests.xctest */;
			productType = "com.apple.product-type.bundle.unit-test";
		};
		ECD9F8B02209DEDD007DE7E2 /* Reciplease */ = {
			isa = PBXNativeTarget;
			buildConfigurationList = ECD9F8D02209DEDF007DE7E2 /* Build configuration list for PBXNativeTarget "Reciplease" */;
			buildPhases = (
				41390267B1C17FC99A28B62E /* [CP] Check Pods Manifest.lock */,
				ECD9F8AD2209DEDD007DE7E2 /* Sources */,
				ECD9F8AE2209DEDD007DE7E2 /* Frameworks */,
				ECD9F8AF2209DEDD007DE7E2 /* Resources */,
				EB1958D1B93040381144A9AB /* [CP] Embed Pods Frameworks */,
			);
			buildRules = (
			);
			dependencies = (
			);
			name = Reciplease;
			productName = Reciplease;
			productReference = ECD9F8B12209DEDE007DE7E2 /* Reciplease.app */;
			productType = "com.apple.product-type.application";
		};
/* End PBXNativeTarget section */

/* Begin PBXProject section */
		ECD9F8A92209DEDD007DE7E2 /* Project object */ = {
			isa = PBXProject;
			attributes = {
				LastSwiftUpdateCheck = 1010;
				LastUpgradeCheck = 1010;
				ORGANIZATIONNAME = "Carlos Garcia-Muskat";
				TargetAttributes = {
					EC9C87B62229394A00C40452 = {
						CreatedOnToolsVersion = 10.1;
						LastSwiftMigration = 1010;
						TestTargetID = ECD9F8B02209DEDD007DE7E2;
					};
					ECD9F8B02209DEDD007DE7E2 = {
						CreatedOnToolsVersion = 10.1;
					};
				};
			};
			buildConfigurationList = ECD9F8AC2209DEDD007DE7E2 /* Build configuration list for PBXProject "Reciplease" */;
			compatibilityVersion = "Xcode 9.3";
			developmentRegion = en;
			hasScannedForEncodings = 0;
			knownRegions = (
				en,
				Base,
			);
			mainGroup = ECD9F8A82209DEDD007DE7E2;
			productRefGroup = ECD9F8B22209DEDE007DE7E2 /* Products */;
			projectDirPath = "";
			projectRoot = "";
			targets = (
				ECD9F8B02209DEDD007DE7E2 /* Reciplease */,
				EC9C87B62229394A00C40452 /* RecipleaseTests */,
			);
		};
/* End PBXProject section */

/* Begin PBXResourcesBuildPhase section */
		EC9C87B52229394A00C40452 /* Resources */ = {
			isa = PBXResourcesBuildPhase;
			buildActionMask = 2147483647;
			files = (
			);
			runOnlyForDeploymentPostprocessing = 0;
		};
		ECD9F8AF2209DEDD007DE7E2 /* Resources */ = {
			isa = PBXResourcesBuildPhase;
			buildActionMask = 2147483647;
			files = (
				ECD9F8C12209DEDF007DE7E2 /* LaunchScreen.storyboard in Resources */,
				EC9C87952227EDC700C40452 /* Quicksand-Bold.ttf in Resources */,
				EC9C87962227EDC700C40452 /* Quicksand-Regular.ttf in Resources */,
				ECD9F8BE2209DEDF007DE7E2 /* Assets.xcassets in Resources */,
				ECD9F8BC2209DEDE007DE7E2 /* Main.storyboard in Resources */,
				EC9C87932227EDC700C40452 /* Quicksand-Light.ttf in Resources */,
				EC9C87942227EDC700C40452 /* Quicksand-Medium.ttf in Resources */,
			);
			runOnlyForDeploymentPostprocessing = 0;
		};
/* End PBXResourcesBuildPhase section */

/* Begin PBXShellScriptBuildPhase section */
		41390267B1C17FC99A28B62E /* [CP] Check Pods Manifest.lock */ = {
			isa = PBXShellScriptBuildPhase;
			buildActionMask = 2147483647;
			files = (
			);
			inputFileListPaths = (
			);
			inputPaths = (
				"${PODS_PODFILE_DIR_PATH}/Podfile.lock",
				"${PODS_ROOT}/Manifest.lock",
			);
			name = "[CP] Check Pods Manifest.lock";
			outputFileListPaths = (
			);
			outputPaths = (
				"$(DERIVED_FILE_DIR)/Pods-Reciplease-checkManifestLockResult.txt",
			);
			runOnlyForDeploymentPostprocessing = 0;
			shellPath = /bin/sh;
			shellScript = "diff \"${PODS_PODFILE_DIR_PATH}/Podfile.lock\" \"${PODS_ROOT}/Manifest.lock\" > /dev/null\nif [ $? != 0 ] ; then\n    # print error to STDERR\n    echo \"error: The sandbox is not in sync with the Podfile.lock. Run 'pod install' or update your CocoaPods installation.\" >&2\n    exit 1\nfi\n# This output is used by Xcode 'outputs' to avoid re-running this script phase.\necho \"SUCCESS\" > \"${SCRIPT_OUTPUT_FILE_0}\"\n";
			showEnvVarsInLog = 0;
		};
		EB1958D1B93040381144A9AB /* [CP] Embed Pods Frameworks */ = {
			isa = PBXShellScriptBuildPhase;
			buildActionMask = 2147483647;
			files = (
			);
			inputFileListPaths = (
			);
			inputPaths = (
				"${PODS_ROOT}/Target Support Files/Pods-Reciplease/Pods-Reciplease-frameworks.sh",
				"${BUILT_PRODUCTS_DIR}/Alamofire/Alamofire.framework",
				"${BUILT_PRODUCTS_DIR}/AlamofireImage/AlamofireImage.framework",
			);
			name = "[CP] Embed Pods Frameworks";
			outputFileListPaths = (
			);
			outputPaths = (
				"${TARGET_BUILD_DIR}/${FRAMEWORKS_FOLDER_PATH}/Alamofire.framework",
				"${TARGET_BUILD_DIR}/${FRAMEWORKS_FOLDER_PATH}/AlamofireImage.framework",
			);
			runOnlyForDeploymentPostprocessing = 0;
			shellPath = /bin/sh;
			shellScript = "\"${PODS_ROOT}/Target Support Files/Pods-Reciplease/Pods-Reciplease-frameworks.sh\"\n";
			showEnvVarsInLog = 0;
		};
/* End PBXShellScriptBuildPhase section */

/* Begin PBXSourcesBuildPhase section */
		EC9C87B32229394A00C40452 /* Sources */ = {
			isa = PBXSourcesBuildPhase;
			buildActionMask = 2147483647;
			files = (
				EC9C87C2222939AB00C40452 /* RecipeServiceTestCase.swift in Sources */,
			);
			runOnlyForDeploymentPostprocessing = 0;
		};
		ECD9F8AD2209DEDD007DE7E2 /* Sources */ = {
			isa = PBXSourcesBuildPhase;
			buildActionMask = 2147483647;
			files = (
				EC6CB0CB22205F0500F8B135 /* DetailViewController.swift in Sources */,
				EC33E194222576BD00FC7575 /* FavoriteTableViewCell.swift in Sources */,
				EC3A3862220AFE5E000220C5 /* RecipesTableViewcell.swift in Sources */,
				EC29628722214FA900A945FA /* DetailRecipeService.swift in Sources */,
				ECD9F8B92209DEDE007DE7E2 /* ResultsViewController.swift in Sources */,
				ECD9F8B72209DEDE007DE7E2 /* SearchViewController.swift in Sources */,
				EC9A4DD82220256F00352A83 /* Reciplease.xcdatamodeld in Sources */,
				EC33E1902225525600FC7575 /* FavoritesViewController.swift in Sources */,
				EC79C62A2232AB160075DD62 /* Recipe_JSON.swift in Sources */,
				EC0DF37D221478AE00F2D788 /* Ingredients.swift in Sources */,
				EC9A4DDA2220264500352A83 /* RecipeDetails.swift in Sources */,
				EC0DF37F22147E0B00F2D788 /* AppDelegate.swift in Sources */,
				ECC2FCAA22356322008B59E9 /* Detail_JSON.swift in Sources */,
				ECD9F8D72209F0A6007DE7E2 /* RecipeService.swift in Sources */,
			);
			runOnlyForDeploymentPostprocessing = 0;
		};
/* End PBXSourcesBuildPhase section */

/* Begin PBXTargetDependency section */
		EC9C87BD2229394A00C40452 /* PBXTargetDependency */ = {
			isa = PBXTargetDependency;
			target = ECD9F8B02209DEDD007DE7E2 /* Reciplease */;
			targetProxy = EC9C87BC2229394A00C40452 /* PBXContainerItemProxy */;
		};
/* End PBXTargetDependency section */

/* Begin PBXVariantGroup section */
		ECD9F8BA2209DEDE007DE7E2 /* Main.storyboard */ = {
			isa = PBXVariantGroup;
			children = (
				ECD9F8BB2209DEDE007DE7E2 /* Base */,
			);
			name = Main.storyboard;
			sourceTree = "<group>";
		};
		ECD9F8BF2209DEDF007DE7E2 /* LaunchScreen.storyboard */ = {
			isa = PBXVariantGroup;
			children = (
				ECD9F8C02209DEDF007DE7E2 /* Base */,
			);
			name = LaunchScreen.storyboard;
			sourceTree = "<group>";
		};
/* End PBXVariantGroup section */

/* Begin XCBuildConfiguration section */
		EC9C87BF2229394A00C40452 /* Debug */ = {
			isa = XCBuildConfiguration;
			buildSettings = {
				BUNDLE_LOADER = "$(TEST_HOST)";
				CLANG_ENABLE_MODULES = YES;
				CODE_SIGN_STYLE = Automatic;
				DEVELOPMENT_TEAM = GR9XHTTF29;
				INFOPLIST_FILE = RecipleaseTests/Info.plist;
				IPHONEOS_DEPLOYMENT_TARGET = 12.1;
				LD_RUNPATH_SEARCH_PATHS = (
					"$(inherited)",
					"@executable_path/Frameworks",
					"@loader_path/Frameworks",
				);
				PRODUCT_BUNDLE_IDENTIFIER = com.cgmuskat.RecipleaseTests;
				PRODUCT_NAME = "$(TARGET_NAME)";
				SWIFT_OPTIMIZATION_LEVEL = "-Onone";
				SWIFT_VERSION = 4.2;
				TARGETED_DEVICE_FAMILY = "1,2";
				TEST_HOST = "$(BUILT_PRODUCTS_DIR)/Reciplease.app/Reciplease";
			};
			name = Debug;
		};
		EC9C87C02229394A00C40452 /* Release */ = {
			isa = XCBuildConfiguration;
			buildSettings = {
				BUNDLE_LOADER = "$(TEST_HOST)";
				CLANG_ENABLE_MODULES = YES;
				CODE_SIGN_STYLE = Automatic;
				DEVELOPMENT_TEAM = GR9XHTTF29;
				INFOPLIST_FILE = RecipleaseTests/Info.plist;
				IPHONEOS_DEPLOYMENT_TARGET = 12.1;
				LD_RUNPATH_SEARCH_PATHS = (
					"$(inherited)",
					"@executable_path/Frameworks",
					"@loader_path/Frameworks",
				);
				PRODUCT_BUNDLE_IDENTIFIER = com.cgmuskat.RecipleaseTests;
				PRODUCT_NAME = "$(TARGET_NAME)";
				SWIFT_VERSION = 4.2;
				TARGETED_DEVICE_FAMILY = "1,2";
				TEST_HOST = "$(BUILT_PRODUCTS_DIR)/Reciplease.app/Reciplease";
			};
			name = Release;
		};
		ECD9F8CE2209DEDF007DE7E2 /* Debug */ = {
			isa = XCBuildConfiguration;
			buildSettings = {
				ALWAYS_SEARCH_USER_PATHS = NO;
				CLANG_ANALYZER_NONNULL = YES;
				CLANG_ANALYZER_NUMBER_OBJECT_CONVERSION = YES_AGGRESSIVE;
				CLANG_CXX_LANGUAGE_STANDARD = "gnu++14";
				CLANG_CXX_LIBRARY = "libc++";
				CLANG_ENABLE_MODULES = YES;
				CLANG_ENABLE_OBJC_ARC = YES;
				CLANG_ENABLE_OBJC_WEAK = YES;
				CLANG_WARN_BLOCK_CAPTURE_AUTORELEASING = YES;
				CLANG_WARN_BOOL_CONVERSION = YES;
				CLANG_WARN_COMMA = YES;
				CLANG_WARN_CONSTANT_CONVERSION = YES;
				CLANG_WARN_DEPRECATED_OBJC_IMPLEMENTATIONS = YES;
				CLANG_WARN_DIRECT_OBJC_ISA_USAGE = YES_ERROR;
				CLANG_WARN_DOCUMENTATION_COMMENTS = YES;
				CLANG_WARN_EMPTY_BODY = YES;
				CLANG_WARN_ENUM_CONVERSION = YES;
				CLANG_WARN_INFINITE_RECURSION = YES;
				CLANG_WARN_INT_CONVERSION = YES;
				CLANG_WARN_NON_LITERAL_NULL_CONVERSION = YES;
				CLANG_WARN_OBJC_IMPLICIT_RETAIN_SELF = YES;
				CLANG_WARN_OBJC_LITERAL_CONVERSION = YES;
				CLANG_WARN_OBJC_ROOT_CLASS = YES_ERROR;
				CLANG_WARN_RANGE_LOOP_ANALYSIS = YES;
				CLANG_WARN_STRICT_PROTOTYPES = YES;
				CLANG_WARN_SUSPICIOUS_MOVE = YES;
				CLANG_WARN_UNGUARDED_AVAILABILITY = YES_AGGRESSIVE;
				CLANG_WARN_UNREACHABLE_CODE = YES;
				CLANG_WARN__DUPLICATE_METHOD_MATCH = YES;
				CODE_SIGN_IDENTITY = "iPhone Developer";
				COPY_PHASE_STRIP = NO;
				DEBUG_INFORMATION_FORMAT = dwarf;
				ENABLE_STRICT_OBJC_MSGSEND = YES;
				ENABLE_TESTABILITY = YES;
				GCC_C_LANGUAGE_STANDARD = gnu11;
				GCC_DYNAMIC_NO_PIC = NO;
				GCC_NO_COMMON_BLOCKS = YES;
				GCC_OPTIMIZATION_LEVEL = 0;
				GCC_PREPROCESSOR_DEFINITIONS = (
					"DEBUG=1",
					"$(inherited)",
				);
				GCC_WARN_64_TO_32_BIT_CONVERSION = YES;
				GCC_WARN_ABOUT_RETURN_TYPE = YES_ERROR;
				GCC_WARN_UNDECLARED_SELECTOR = YES;
				GCC_WARN_UNINITIALIZED_AUTOS = YES_AGGRESSIVE;
				GCC_WARN_UNUSED_FUNCTION = YES;
				GCC_WARN_UNUSED_VARIABLE = YES;
				IPHONEOS_DEPLOYMENT_TARGET = 12.0;
				MTL_ENABLE_DEBUG_INFO = INCLUDE_SOURCE;
				MTL_FAST_MATH = YES;
				ONLY_ACTIVE_ARCH = YES;
				SDKROOT = iphoneos;
				SWIFT_ACTIVE_COMPILATION_CONDITIONS = DEBUG;
				SWIFT_OPTIMIZATION_LEVEL = "-Onone";
			};
			name = Debug;
		};
		ECD9F8CF2209DEDF007DE7E2 /* Release */ = {
			isa = XCBuildConfiguration;
			buildSettings = {
				ALWAYS_SEARCH_USER_PATHS = NO;
				CLANG_ANALYZER_NONNULL = YES;
				CLANG_ANALYZER_NUMBER_OBJECT_CONVERSION = YES_AGGRESSIVE;
				CLANG_CXX_LANGUAGE_STANDARD = "gnu++14";
				CLANG_CXX_LIBRARY = "libc++";
				CLANG_ENABLE_MODULES = YES;
				CLANG_ENABLE_OBJC_ARC = YES;
				CLANG_ENABLE_OBJC_WEAK = YES;
				CLANG_WARN_BLOCK_CAPTURE_AUTORELEASING = YES;
				CLANG_WARN_BOOL_CONVERSION = YES;
				CLANG_WARN_COMMA = YES;
				CLANG_WARN_CONSTANT_CONVERSION = YES;
				CLANG_WARN_DEPRECATED_OBJC_IMPLEMENTATIONS = YES;
				CLANG_WARN_DIRECT_OBJC_ISA_USAGE = YES_ERROR;
				CLANG_WARN_DOCUMENTATION_COMMENTS = YES;
				CLANG_WARN_EMPTY_BODY = YES;
				CLANG_WARN_ENUM_CONVERSION = YES;
				CLANG_WARN_INFINITE_RECURSION = YES;
				CLANG_WARN_INT_CONVERSION = YES;
				CLANG_WARN_NON_LITERAL_NULL_CONVERSION = YES;
				CLANG_WARN_OBJC_IMPLICIT_RETAIN_SELF = YES;
				CLANG_WARN_OBJC_LITERAL_CONVERSION = YES;
				CLANG_WARN_OBJC_ROOT_CLASS = YES_ERROR;
				CLANG_WARN_RANGE_LOOP_ANALYSIS = YES;
				CLANG_WARN_STRICT_PROTOTYPES = YES;
				CLANG_WARN_SUSPICIOUS_MOVE = YES;
				CLANG_WARN_UNGUARDED_AVAILABILITY = YES_AGGRESSIVE;
				CLANG_WARN_UNREACHABLE_CODE = YES;
				CLANG_WARN__DUPLICATE_METHOD_MATCH = YES;
				CODE_SIGN_IDENTITY = "iPhone Developer";
				COPY_PHASE_STRIP = NO;
				DEBUG_INFORMATION_FORMAT = "dwarf-with-dsym";
				ENABLE_NS_ASSERTIONS = NO;
				ENABLE_STRICT_OBJC_MSGSEND = YES;
				GCC_C_LANGUAGE_STANDARD = gnu11;
				GCC_NO_COMMON_BLOCKS = YES;
				GCC_WARN_64_TO_32_BIT_CONVERSION = YES;
				GCC_WARN_ABOUT_RETURN_TYPE = YES_ERROR;
				GCC_WARN_UNDECLARED_SELECTOR = YES;
				GCC_WARN_UNINITIALIZED_AUTOS = YES_AGGRESSIVE;
				GCC_WARN_UNUSED_FUNCTION = YES;
				GCC_WARN_UNUSED_VARIABLE = YES;
				IPHONEOS_DEPLOYMENT_TARGET = 12.0;
				MTL_ENABLE_DEBUG_INFO = NO;
				MTL_FAST_MATH = YES;
				SDKROOT = iphoneos;
				SWIFT_COMPILATION_MODE = wholemodule;
				SWIFT_OPTIMIZATION_LEVEL = "-O";
				VALIDATE_PRODUCT = YES;
			};
			name = Release;
		};
		ECD9F8D12209DEDF007DE7E2 /* Debug */ = {
			isa = XCBuildConfiguration;
			baseConfigurationReference = 4B10EF73FE6D84420CF2128D /* Pods-Reciplease.debug.xcconfig */;
			buildSettings = {
				ASSETCATALOG_COMPILER_APPICON_NAME = AppIcon;
				CODE_SIGN_STYLE = Automatic;
				DEVELOPMENT_TEAM = GR9XHTTF29;
				FRAMEWORK_SEARCH_PATHS = " $(inherited)";
				INFOPLIST_FILE = Reciplease/Info.plist;
				IPHONEOS_DEPLOYMENT_TARGET = 12.0;
				LD_RUNPATH_SEARCH_PATHS = (
					"$(inherited)",
					"@executable_path/Frameworks",
				);
				PRODUCT_BUNDLE_IDENTIFIER = com.cgmuskat.Reciplease;
				PRODUCT_NAME = "$(TARGET_NAME)";
				SWIFT_VERSION = 4.2;
				TARGETED_DEVICE_FAMILY = 1;
			};
			name = Debug;
		};
		ECD9F8D22209DEDF007DE7E2 /* Release */ = {
			isa = XCBuildConfiguration;
			baseConfigurationReference = 8440766F38E247F9924856EB /* Pods-Reciplease.release.xcconfig */;
			buildSettings = {
				ASSETCATALOG_COMPILER_APPICON_NAME = AppIcon;
				CODE_SIGN_STYLE = Automatic;
				DEVELOPMENT_TEAM = GR9XHTTF29;
				FRAMEWORK_SEARCH_PATHS = " $(inherited)";
				INFOPLIST_FILE = Reciplease/Info.plist;
				IPHONEOS_DEPLOYMENT_TARGET = 12.0;
				LD_RUNPATH_SEARCH_PATHS = (
					"$(inherited)",
					"@executable_path/Frameworks",
				);
				PRODUCT_BUNDLE_IDENTIFIER = com.cgmuskat.Reciplease;
				PRODUCT_NAME = "$(TARGET_NAME)";
				SWIFT_VERSION = 4.2;
				TARGETED_DEVICE_FAMILY = 1;
			};
			name = Release;
		};
/* End XCBuildConfiguration section */

/* Begin XCConfigurationList section */
		EC9C87BE2229394A00C40452 /* Build configuration list for PBXNativeTarget "RecipleaseTests" */ = {
			isa = XCConfigurationList;
			buildConfigurations = (
				EC9C87BF2229394A00C40452 /* Debug */,
				EC9C87C02229394A00C40452 /* Release */,
			);
			defaultConfigurationIsVisible = 0;
			defaultConfigurationName = Release;
		};
		ECD9F8AC2209DEDD007DE7E2 /* Build configuration list for PBXProject "Reciplease" */ = {
			isa = XCConfigurationList;
			buildConfigurations = (
				ECD9F8CE2209DEDF007DE7E2 /* Debug */,
				ECD9F8CF2209DEDF007DE7E2 /* Release */,
			);
			defaultConfigurationIsVisible = 0;
			defaultConfigurationName = Release;
		};
		ECD9F8D02209DEDF007DE7E2 /* Build configuration list for PBXNativeTarget "Reciplease" */ = {
			isa = XCConfigurationList;
			buildConfigurations = (
				ECD9F8D12209DEDF007DE7E2 /* Debug */,
				ECD9F8D22209DEDF007DE7E2 /* Release */,
			);
			defaultConfigurationIsVisible = 0;
			defaultConfigurationName = Release;
		};
/* End XCConfigurationList section */

/* Begin XCVersionGroup section */
		EC9A4DD62220256F00352A83 /* Reciplease.xcdatamodeld */ = {
			isa = XCVersionGroup;
			children = (
				EC9A4DD72220256F00352A83 /* Favorites.xcdatamodel */,
			);
			currentVersion = EC9A4DD72220256F00352A83 /* Favorites.xcdatamodel */;
			path = Reciplease.xcdatamodeld;
			sourceTree = "<group>";
			versionGroupType = wrapper.xcdatamodel;
		};
/* End XCVersionGroup section */
	};
	rootObject = ECD9F8A92209DEDD007DE7E2 /* Project object */;
}
